
Microsoft Visual Studio Solution File, Format Version 12.00
# Visual Studio 15
VisualStudioVersion = 15.0.28307.757
MinimumVisualStudioVersion = 10.0.40219.1
Project("{2150E333-8FDC-42A3-9474-1A3956D46DE8}") = "SPA", "SPA", "{30D3144E-04B7-4F11-AC70-01558402E6D4}"
EndProject
Project("{FAE04EC0-301F-11D3-BF4B-00C04F79EFBC}") = "FRISS-DMS", "FRISS-DMS\FRISS-DMS.csproj", "{DCC3C146-0E5F-4C0E-920B-4E2368CCFF78}"
EndProject
Project("{2150E333-8FDC-42A3-9474-1A3956D46DE8}") = "DataDomain", "DataDomain", "{F82FE2F5-611C-45E0-93D7-30ECBD30E2F5}"
EndProject
Project("{2150E333-8FDC-42A3-9474-1A3956D46DE8}") = "Middleware", "Middleware", "{46001852-D801-4D04-9915-2494121B3FB1}"
EndProject
Project("{2150E333-8FDC-42A3-9474-1A3956D46DE8}") = "UserServices", "UserServices", "{74249623-280C-4469-ACDD-B4E4BC6CF1B5}"
EndProject
Project("{2150E333-8FDC-42A3-9474-1A3956D46DE8}") = "Logging", "Logging", "{226594AF-E737-4565-87BC-0AEAC258D385}"
	ProjectSection(SolutionItems) = preProject
		CustomLogging.cs = CustomLogging.cs
	EndProjectSection
EndProject
Project("{2150E333-8FDC-42A3-9474-1A3956D46DE8}") = "Models", "Models", "{12E7C227-55D1-4768-A2B1-93EAA84C5795}"
EndProject
Project("{2150E333-8FDC-42A3-9474-1A3956D46DE8}") = "Services", "Services", "{EBABE160-BEC0-4D27-8ADD-1AC1F3FA4E79}"
EndProject
Project("{2150E333-8FDC-42A3-9474-1A3956D46DE8}") = "User", "User", "{57E8ADF2-EDDE-4A08-80B3-642D94CEDA77}"
EndProject
Project("{2150E333-8FDC-42A3-9474-1A3956D46DE8}") = "Document", "Document", "{6CE2720A-D936-4774-B198-F51273C60B39}"
EndProject
Project("{2150E333-8FDC-42A3-9474-1A3956D46DE8}") = "Interfaces", "Interfaces", "{597010E5-41A7-4E30-A8D3-92180F71E4F8}"
EndProject
Project("{2150E333-8FDC-42A3-9474-1A3956D46DE8}") = "DocumentServices", "DocumentServices", "{8EE8C957-ABEE-4188-BCA1-27949C7902CD}"
EndProject
Project("{2150E333-8FDC-42A3-9474-1A3956D46DE8}") = "Interfaces", "Interfaces", "{A4176D4A-88D7-40C8-A5C2-905EB2FCD635}"
EndProject
Project("{2150E333-8FDC-42A3-9474-1A3956D46DE8}") = "Interfaces", "Interfaces", "{0A947B49-65FC-4C59-BEDC-E3C6EDFCDD51}"
EndProject
Project("{2150E333-8FDC-42A3-9474-1A3956D46DE8}") = "Interfaces", "Interfaces", "{D1144FB4-327E-457B-9746-B316B7989969}"
EndProject
Project("{2150E333-8FDC-42A3-9474-1A3956D46DE8}") = "Interfaces", "Interfaces", "{BD38427F-97A4-4D5C-A9EF-3C371FDC1F95}"
EndProject
Project("{FAE04EC0-301F-11D3-BF4B-00C04F79EFBC}") = "DMSDomainModel", "DMSDomainModel\DMSDomainModel.csproj", "{B15AD1D6-AB83-47AE-A803-7F25A51E176E}"
EndProject
Global
	GlobalSection(SolutionConfigurationPlatforms) = preSolution
		Debug|Any CPU = Debug|Any CPU
		Release|Any CPU = Release|Any CPU
	EndGlobalSection
	GlobalSection(ProjectConfigurationPlatforms) = postSolution
		{DCC3C146-0E5F-4C0E-920B-4E2368CCFF78}.Debug|Any CPU.ActiveCfg = Debug|Any CPU
		{DCC3C146-0E5F-4C0E-920B-4E2368CCFF78}.Debug|Any CPU.Build.0 = Debug|Any CPU
		{DCC3C146-0E5F-4C0E-920B-4E2368CCFF78}.Release|Any CPU.ActiveCfg = Release|Any CPU
		{DCC3C146-0E5F-4C0E-920B-4E2368CCFF78}.Release|Any CPU.Build.0 = Release|Any CPU
		{B15AD1D6-AB83-47AE-A803-7F25A51E176E}.Debug|Any CPU.ActiveCfg = Debug|Any CPU
		{B15AD1D6-AB83-47AE-A803-7F25A51E176E}.Debug|Any CPU.Build.0 = Debug|Any CPU
		{B15AD1D6-AB83-47AE-A803-7F25A51E176E}.Release|Any CPU.ActiveCfg = Release|Any CPU
		{B15AD1D6-AB83-47AE-A803-7F25A51E176E}.Release|Any CPU.Build.0 = Release|Any CPU
	EndGlobalSection
	GlobalSection(SolutionProperties) = preSolution
		HideSolutionNode = FALSE
	EndGlobalSection
	GlobalSection(NestedProjects) = preSolution
		{DCC3C146-0E5F-4C0E-920B-4E2368CCFF78} = {30D3144E-04B7-4F11-AC70-01558402E6D4}
		{74249623-280C-4469-ACDD-B4E4BC6CF1B5} = {46001852-D801-4D04-9915-2494121B3FB1}
		{12E7C227-55D1-4768-A2B1-93EAA84C5795} = {F82FE2F5-611C-45E0-93D7-30ECBD30E2F5}
		{EBABE160-BEC0-4D27-8ADD-1AC1F3FA4E79} = {F82FE2F5-611C-45E0-93D7-30ECBD30E2F5}
		{57E8ADF2-EDDE-4A08-80B3-642D94CEDA77} = {EBABE160-BEC0-4D27-8ADD-1AC1F3FA4E79}
		{6CE2720A-D936-4774-B198-F51273C60B39} = {EBABE160-BEC0-4D27-8ADD-1AC1F3FA4E79}
		{597010E5-41A7-4E30-A8D3-92180F71E4F8} = {226594AF-E737-4565-87BC-0AEAC258D385}
		{8EE8C957-ABEE-4188-BCA1-27949C7902CD} = {46001852-D801-4D04-9915-2494121B3FB1}
		{A4176D4A-88D7-40C8-A5C2-905EB2FCD635} = {6CE2720A-D936-4774-B198-F51273C60B39}
		{0A947B49-65FC-4C59-BEDC-E3C6EDFCDD51} = {57E8ADF2-EDDE-4A08-80B3-642D94CEDA77}
		{D1144FB4-327E-457B-9746-B316B7989969} = {8EE8C957-ABEE-4188-BCA1-27949C7902CD}
		{BD38427F-97A4-4D5C-A9EF-3C371FDC1F95} = {74249623-280C-4469-ACDD-B4E4BC6CF1B5}
		{B15AD1D6-AB83-47AE-A803-7F25A51E176E} = {12E7C227-55D1-4768-A2B1-93EAA84C5795}
	EndGlobalSection
	GlobalSection(ExtensibilityGlobals) = postSolution
		SolutionGuid = {71939BD8-0B04-46B1-94C9-19078BE77A3A}
	EndGlobalSection
EndGlobal
